apiVersion: vendir.k14s.io/v1alpha1
directories:
- contents:
  - git:
      commitTitle: release v1.16.1 (#14435)...
      sha: 67f7f8c3f58d64e3c7b103de5f11ffe268250c55
      tags:
      - v1.16.1
    path: .
  path: helm/kyverno/charts/kyverno
- contents:
  - git:
      commitTitle: Show underlying crd error (#1037)...
      sha: 679b3dc00a519fc2fc9fc868bbdee3f592ee6e4d
      tags:
      - v3.3.2
    path: .
  path: helm/kyverno/charts/policy-reporter
kind: LockConfig
