apiVersion: vendir.k14s.io/v1alpha1
directories:
- contents:
  - git:
      commitTitle: 'feat: release-1.12.1 (#10166)...'
      sha: 84fba8e2448df1ee306d33379f4fb831e8f1381e
      tags:
      - v1.12.1
    path: .
  path: helm/kyverno/charts/kyverno
- contents:
  - git:
      commitTitle: Update Dependencies and Components (#393)...
      sha: b0a513cb20b5ab466e34fa7c2a442264d5d7aafd
      tags:
      - policy-reporter-2.21.6
    path: .
  path: helm/kyverno/charts/policy-reporter
kind: LockConfig
