apiVersion: vendir.k14s.io/v1alpha1
directories:
- contents:
  - git:
      commitTitle: 'release: v1.17.1 (#15308)...'
      sha: 0fe91382401630df2c26c5525dd9eb9c0df1b0ef
      tags:
      - v1.17.1
    path: .
  path: helm/kyverno/charts/kyverno
- contents:
  - git:
      commitTitle: bump Chart and App Version (#1375)...
      sha: 42a1671b1b5393330750ba9f5878af511403e0ba
      tags:
      - v3.7.2
    path: .
  path: helm/kyverno/charts/policy-reporter
kind: LockConfig
