dependencies:
- name: grafana
  repository: ""
  version: 3.5.2
- name: crds
  repository: ""
  version: 3.5.2
- name: openreports
  repository: https://openreports.github.io/reports-api
  version: 0.2.1
digest: sha256:9a851b965363de46bcd232f1f5164c4e21bc8ae3006dadf4eff04e5e3029ad82
generated: "2025-10-28T13:37:46.673537161Z"
